
Microsoft Visual Studio Solution File, Format Version 12.00
# Visual Studio Version 17
VisualStudioVersion = 17.1.32407.343
MinimumVisualStudioVersion = 10.0.40219.1
Project("{9A19103F-16F7-4668-BE54-9A1E7A4F7556}") = "OpticSalon.Auth", "OpticSalon.Auth\OpticSalon.Auth.csproj", "{89CB746A-638E-4415-8A8A-190F4D270F82}"
EndProject
Project("{9A19103F-16F7-4668-BE54-9A1E7A4F7556}") = "OpticSalon.Data", "OpticSalon.Data\OpticSalon.Data.csproj", "{1440533E-5AE9-4C9C-A071-8C84FE31E448}"
EndProject
Project("{9A19103F-16F7-4668-BE54-9A1E7A4F7556}") = "OpticSalon.Blazor", "OpticSalon.Blazor\OpticSalon.Blazor.csproj", "{D1D1E3EE-29FE-4AAD-A9BF-0E7CEE546B3F}"
EndProject
Project("{9A19103F-16F7-4668-BE54-9A1E7A4F7556}") = "OpticSalon.Domain", "OpticSalon.Domain\OpticSalon.Domain.csproj", "{12D2064C-4524-4377-A914-52D9608BF5DE}"
EndProject
Project("{9A19103F-16F7-4668-BE54-9A1E7A4F7556}") = "OpticSalon.MinIO", "OpticSalon.MinIO\OpticSalon.MinIO.csproj", "{473D1C89-0E38-4B18-A949-F3B5EB4E9910}"
EndProject
Global
	GlobalSection(SolutionConfigurationPlatforms) = preSolution
		Debug|Any CPU = Debug|Any CPU
		Release|Any CPU = Release|Any CPU
	EndGlobalSection
	GlobalSection(ProjectConfigurationPlatforms) = postSolution
		{89CB746A-638E-4415-8A8A-190F4D270F82}.Debug|Any CPU.ActiveCfg = Debug|Any CPU
		{89CB746A-638E-4415-8A8A-190F4D270F82}.Debug|Any CPU.Build.0 = Debug|Any CPU
		{89CB746A-638E-4415-8A8A-190F4D270F82}.Release|Any CPU.ActiveCfg = Release|Any CPU
		{89CB746A-638E-4415-8A8A-190F4D270F82}.Release|Any CPU.Build.0 = Release|Any CPU
		{1440533E-5AE9-4C9C-A071-8C84FE31E448}.Debug|Any CPU.ActiveCfg = Debug|Any CPU
		{1440533E-5AE9-4C9C-A071-8C84FE31E448}.Debug|Any CPU.Build.0 = Debug|Any CPU
		{1440533E-5AE9-4C9C-A071-8C84FE31E448}.Release|Any CPU.ActiveCfg = Release|Any CPU
		{1440533E-5AE9-4C9C-A071-8C84FE31E448}.Release|Any CPU.Build.0 = Release|Any CPU
		{D1D1E3EE-29FE-4AAD-A9BF-0E7CEE546B3F}.Debug|Any CPU.ActiveCfg = Debug|Any CPU
		{D1D1E3EE-29FE-4AAD-A9BF-0E7CEE546B3F}.Debug|Any CPU.Build.0 = Debug|Any CPU
		{D1D1E3EE-29FE-4AAD-A9BF-0E7CEE546B3F}.Release|Any CPU.ActiveCfg = Release|Any CPU
		{D1D1E3EE-29FE-4AAD-A9BF-0E7CEE546B3F}.Release|Any CPU.Build.0 = Release|Any CPU
		{12D2064C-4524-4377-A914-52D9608BF5DE}.Debug|Any CPU.ActiveCfg = Debug|Any CPU
		{12D2064C-4524-4377-A914-52D9608BF5DE}.Debug|Any CPU.Build.0 = Debug|Any CPU
		{12D2064C-4524-4377-A914-52D9608BF5DE}.Release|Any CPU.ActiveCfg = Release|Any CPU
		{12D2064C-4524-4377-A914-52D9608BF5DE}.Release|Any CPU.Build.0 = Release|Any CPU
		{473D1C89-0E38-4B18-A949-F3B5EB4E9910}.Debug|Any CPU.ActiveCfg = Debug|Any CPU
		{473D1C89-0E38-4B18-A949-F3B5EB4E9910}.Debug|Any CPU.Build.0 = Debug|Any CPU
		{473D1C89-0E38-4B18-A949-F3B5EB4E9910}.Release|Any CPU.ActiveCfg = Release|Any CPU
		{473D1C89-0E38-4B18-A949-F3B5EB4E9910}.Release|Any CPU.Build.0 = Release|Any CPU
	EndGlobalSection
	GlobalSection(SolutionProperties) = preSolution
		HideSolutionNode = FALSE
	EndGlobalSection
	GlobalSection(ExtensibilityGlobals) = postSolution
		SolutionGuid = {67FB20FD-1637-4055-B188-90563EBDAAF2}
	EndGlobalSection
EndGlobal
